
Microsoft Visual Studio Solution File, Format Version 12.00
# Visual Studio 2013
VisualStudioVersion = 12.0.31101.0
MinimumVisualStudioVersion = 10.0.40219.1
Project("{FAE04EC0-301F-11D3-BF4B-00C04F79EFBC}") = "RM.MailshotsOnline.Web", "RM.MailshotsOnline.Web\RM.MailshotsOnline.Web.csproj", "{2B9BC4FF-5840-4A1F-963D-9F4794A110BD}"
EndProject
Project("{FAE04EC0-301F-11D3-BF4B-00C04F79EFBC}") = "RM.MailshotsOnline.PCL", "RM.MailshotsOnline.PCL\RM.MailshotsOnline.PCL.csproj", "{BB08379A-7CB5-4142-BA89-3B3E2356B354}"
EndProject
Project("{FAE04EC0-301F-11D3-BF4B-00C04F79EFBC}") = "RM.MailshotsOnline.Data", "RM.MailshotsOnline.Data\RM.MailshotsOnline.Data.csproj", "{0D159929-5A8F-4E0C-84A6-3C7E9DE5F5AD}"
EndProject
Project("{FAE04EC0-301F-11D3-BF4B-00C04F79EFBC}") = "RM.MailshotsOnline.Test", "RM.MailshotsOnline.Test\RM.MailshotsOnline.Test.csproj", "{0281A55F-D07A-4C58-B31C-5304D37B4110}"
EndProject
Project("{CC5FD16D-436D-48AD-A40C-5A424C6E3E79}") = "RM.MailshotsOnline.Service", "RM.MailshotsOnline.Service\RM.MailshotsOnline.Service.ccproj", "{C8E99E48-78D6-4640-A561-C963ACD3F885}"
EndProject
Project("{FAE04EC0-301F-11D3-BF4B-00C04F79EFBC}") = "RM.MailshotsOnline.Entities", "RM.MailshotsOnline.Entities\RM.MailshotsOnline.Entities.csproj", "{1D34BAAD-7432-4D2B-9AF8-7E211EA44A94}"
EndProject
Global
	GlobalSection(SolutionConfigurationPlatforms) = preSolution
		Debug|Any CPU = Debug|Any CPU
		Release|Any CPU = Release|Any CPU
	EndGlobalSection
	GlobalSection(ProjectConfigurationPlatforms) = postSolution
		{2B9BC4FF-5840-4A1F-963D-9F4794A110BD}.Debug|Any CPU.ActiveCfg = Debug|Any CPU
		{2B9BC4FF-5840-4A1F-963D-9F4794A110BD}.Debug|Any CPU.Build.0 = Debug|Any CPU
		{2B9BC4FF-5840-4A1F-963D-9F4794A110BD}.Release|Any CPU.ActiveCfg = Release|Any CPU
		{2B9BC4FF-5840-4A1F-963D-9F4794A110BD}.Release|Any CPU.Build.0 = Release|Any CPU
		{BB08379A-7CB5-4142-BA89-3B3E2356B354}.Debug|Any CPU.ActiveCfg = Debug|Any CPU
		{BB08379A-7CB5-4142-BA89-3B3E2356B354}.Debug|Any CPU.Build.0 = Debug|Any CPU
		{BB08379A-7CB5-4142-BA89-3B3E2356B354}.Release|Any CPU.ActiveCfg = Release|Any CPU
		{BB08379A-7CB5-4142-BA89-3B3E2356B354}.Release|Any CPU.Build.0 = Release|Any CPU
		{0D159929-5A8F-4E0C-84A6-3C7E9DE5F5AD}.Debug|Any CPU.ActiveCfg = Debug|Any CPU
		{0D159929-5A8F-4E0C-84A6-3C7E9DE5F5AD}.Debug|Any CPU.Build.0 = Debug|Any CPU
		{0D159929-5A8F-4E0C-84A6-3C7E9DE5F5AD}.Release|Any CPU.ActiveCfg = Release|Any CPU
		{0D159929-5A8F-4E0C-84A6-3C7E9DE5F5AD}.Release|Any CPU.Build.0 = Release|Any CPU
		{0281A55F-D07A-4C58-B31C-5304D37B4110}.Debug|Any CPU.ActiveCfg = Debug|Any CPU
		{0281A55F-D07A-4C58-B31C-5304D37B4110}.Debug|Any CPU.Build.0 = Debug|Any CPU
		{0281A55F-D07A-4C58-B31C-5304D37B4110}.Release|Any CPU.ActiveCfg = Release|Any CPU
		{0281A55F-D07A-4C58-B31C-5304D37B4110}.Release|Any CPU.Build.0 = Release|Any CPU
		{C8E99E48-78D6-4640-A561-C963ACD3F885}.Debug|Any CPU.ActiveCfg = Debug|Any CPU
		{C8E99E48-78D6-4640-A561-C963ACD3F885}.Debug|Any CPU.Build.0 = Debug|Any CPU
		{C8E99E48-78D6-4640-A561-C963ACD3F885}.Release|Any CPU.ActiveCfg = Release|Any CPU
		{C8E99E48-78D6-4640-A561-C963ACD3F885}.Release|Any CPU.Build.0 = Release|Any CPU
		{1D34BAAD-7432-4D2B-9AF8-7E211EA44A94}.Debug|Any CPU.ActiveCfg = Debug|Any CPU
		{1D34BAAD-7432-4D2B-9AF8-7E211EA44A94}.Debug|Any CPU.Build.0 = Debug|Any CPU
		{1D34BAAD-7432-4D2B-9AF8-7E211EA44A94}.Release|Any CPU.ActiveCfg = Release|Any CPU
		{1D34BAAD-7432-4D2B-9AF8-7E211EA44A94}.Release|Any CPU.Build.0 = Release|Any CPU
	EndGlobalSection
	GlobalSection(SolutionProperties) = preSolution
		HideSolutionNode = FALSE
	EndGlobalSection
EndGlobal
