
Microsoft Visual Studio Solution File, Format Version 12.00
# Visual Studio 14
VisualStudioVersion = 14.0.23107.0
MinimumVisualStudioVersion = 10.0.40219.1
Project("{FAE04EC0-301F-11D3-BF4B-00C04F79EFBC}") = "RM.MailshotsOnline.Web", "RM.MailshotsOnline.Web\RM.MailshotsOnline.Web.csproj", "{2B9BC4FF-5840-4A1F-963D-9F4794A110BD}"
EndProject
Project("{FAE04EC0-301F-11D3-BF4B-00C04F79EFBC}") = "RM.MailshotsOnline.PCL", "RM.MailshotsOnline.PCL\RM.MailshotsOnline.PCL.csproj", "{BB08379A-7CB5-4142-BA89-3B3E2356B354}"
EndProject
Project("{FAE04EC0-301F-11D3-BF4B-00C04F79EFBC}") = "RM.MailshotsOnline.Data", "RM.MailshotsOnline.Data\RM.MailshotsOnline.Data.csproj", "{0D159929-5A8F-4E0C-84A6-3C7E9DE5F5AD}"
EndProject
Project("{FAE04EC0-301F-11D3-BF4B-00C04F79EFBC}") = "RM.MailshotsOnline.Test", "RM.MailshotsOnline.Test\RM.MailshotsOnline.Test.csproj", "{0281A55F-D07A-4C58-B31C-5304D37B4110}"
EndProject
Project("{FAE04EC0-301F-11D3-BF4B-00C04F79EFBC}") = "RM.MailshotsOnline.Entities", "RM.MailshotsOnline.Entities\RM.MailshotsOnline.Entities.csproj", "{1D34BAAD-7432-4D2B-9AF8-7E211EA44A94}"
EndProject
Project("{CC5FD16D-436D-48AD-A40C-5A424C6E3E79}") = "RM.MailshotsOnline.CloudService", "RM.MailshotsOnline.CloudService\RM.MailshotsOnline.CloudService.ccproj", "{EE0A9F51-0110-4D16-99B9-A96C6D19C95F}"
EndProject
Project("{FAE04EC0-301F-11D3-BF4B-00C04F79EFBC}") = "RM.MailshotsOnline.Business", "RM.MailshotsOnline.Business\RM.MailshotsOnline.Business.csproj", "{DCC80DB8-069C-4B0B-A955-B8486D795F6D}"
EndProject
Project("{2150E333-8FDC-42A3-9474-1A3956D46DE8}") = "XML", "XML", "{61BD6155-3F8A-4194-B3D0-A8B420375301}"
	ProjectSection(SolutionItems) = preProject
		XML\data.xml = XML\data.xml
		..\..\RM.PalPics\PalPics App\keys\private key.ppk = ..\..\RM.PalPics\PalPics App\keys\private key.ppk
	EndProjectSection
EndProject
Project("{2150E333-8FDC-42A3-9474-1A3956D46DE8}") = "Formats", "Formats", "{2867E7DB-2EB7-402B-BE27-1FFD3298E4AA}"
	ProjectSection(SolutionItems) = preProject
		XML\Formats\A4Page.xsl = XML\Formats\A4Page.xsl
		XML\Formats\A4PageComplete.xsl = XML\Formats\A4PageComplete.xsl
		XML\Formats\PostcardFormat.xsl = XML\Formats\PostcardFormat.xsl
	EndProjectSection
EndProject
Project("{2150E333-8FDC-42A3-9474-1A3956D46DE8}") = "Templates", "Templates", "{37C4DF1C-32F8-49BD-8DC7-0723D52779D1}"
	ProjectSection(SolutionItems) = preProject
		XML\Templates\A4Page-Demo-Template.xsl = XML\Templates\A4Page-Demo-Template.xsl
		XML\Templates\A4Page-Demo-Template2.xsl = XML\Templates\A4Page-Demo-Template2.xsl
	EndProjectSection
EndProject
Project("{2150E333-8FDC-42A3-9474-1A3956D46DE8}") = "Common", "Common", "{C1FE6952-7E6B-4ED0-8F25-C37D979ED1E6}"
	ProjectSection(SolutionItems) = preProject
		XML\Common\modules.xsl = XML\Common\modules.xsl
	EndProjectSection
EndProject
Project("{2150E333-8FDC-42A3-9474-1A3956D46DE8}") = "Tests", "Tests", "{C5A06D3E-AF18-4928-A6D3-404B22AB0ACB}"
	ProjectSection(SolutionItems) = preProject
		XML\Tests\A4Template-WithCropMarks.xslt = XML\Tests\A4Template-WithCropMarks.xslt
		XML\Tests\A4Template1.xslt = XML\Tests\A4Template1.xslt
		XML\Tests\dataxml.xml = XML\Tests\dataxml.xml
		XML\Tests\PostcardTemplate1.xslt = XML\Tests\PostcardTemplate1.xslt
		XML\Tests\PostcardTemplate2.xslt = XML\Tests\PostcardTemplate2.xslt
	EndProjectSection
EndProject
Project("{FAE04EC0-301F-11D3-BF4B-00C04F79EFBC}") = "HC.RM.Common.Images", "HC.RM.Common.Images\HC.RM.Common.Images.csproj", "{B90FF7F0-D68B-47A3-90DA-EE6776210F3A}"
EndProject
Project("{FAE04EC0-301F-11D3-BF4B-00C04F79EFBC}") = "HC.RM.Common.PayPal", "HC.RM.Common.PayPal\HC.RM.Common.PayPal.csproj", "{5CECFBD1-8591-4D0A-9032-2DA879DBEA75}"
EndProject
Project("{FAE04EC0-301F-11D3-BF4B-00C04F79EFBC}") = "RM.MailshotsOnline.WorkerRole", "RM.MailshotsOnline.WorkerRole\RM.MailshotsOnline.WorkerRole.csproj", "{6CA7AD73-2F14-427E-9A49-CECA89C9BB5F}"
EndProject
Project("{2150E333-8FDC-42A3-9474-1A3956D46DE8}") = "Keys", "Keys", "{5D019E8D-AE6A-4F6A-A53B-121705D416EA}"
	ProjectSection(SolutionItems) = preProject
		Keys\private-key.ppk = Keys\private-key.ppk
	EndProjectSection
EndProject
Global
	GlobalSection(SolutionConfigurationPlatforms) = preSolution
		Debug|Any CPU = Debug|Any CPU
		QA|Any CPU = QA|Any CPU
		Release|Any CPU = Release|Any CPU
	EndGlobalSection
	GlobalSection(ProjectConfigurationPlatforms) = postSolution
		{2B9BC4FF-5840-4A1F-963D-9F4794A110BD}.Debug|Any CPU.ActiveCfg = Debug|Any CPU
		{2B9BC4FF-5840-4A1F-963D-9F4794A110BD}.Debug|Any CPU.Build.0 = Debug|Any CPU
		{2B9BC4FF-5840-4A1F-963D-9F4794A110BD}.QA|Any CPU.ActiveCfg = QA|Any CPU
		{2B9BC4FF-5840-4A1F-963D-9F4794A110BD}.QA|Any CPU.Build.0 = QA|Any CPU
		{2B9BC4FF-5840-4A1F-963D-9F4794A110BD}.Release|Any CPU.ActiveCfg = Release|Any CPU
		{2B9BC4FF-5840-4A1F-963D-9F4794A110BD}.Release|Any CPU.Build.0 = Release|Any CPU
		{BB08379A-7CB5-4142-BA89-3B3E2356B354}.Debug|Any CPU.ActiveCfg = Debug|Any CPU
		{BB08379A-7CB5-4142-BA89-3B3E2356B354}.Debug|Any CPU.Build.0 = Debug|Any CPU
		{BB08379A-7CB5-4142-BA89-3B3E2356B354}.QA|Any CPU.ActiveCfg = Release|Any CPU
		{BB08379A-7CB5-4142-BA89-3B3E2356B354}.QA|Any CPU.Build.0 = Release|Any CPU
		{BB08379A-7CB5-4142-BA89-3B3E2356B354}.Release|Any CPU.ActiveCfg = Release|Any CPU
		{BB08379A-7CB5-4142-BA89-3B3E2356B354}.Release|Any CPU.Build.0 = Release|Any CPU
		{0D159929-5A8F-4E0C-84A6-3C7E9DE5F5AD}.Debug|Any CPU.ActiveCfg = Debug|Any CPU
		{0D159929-5A8F-4E0C-84A6-3C7E9DE5F5AD}.Debug|Any CPU.Build.0 = Debug|Any CPU
		{0D159929-5A8F-4E0C-84A6-3C7E9DE5F5AD}.QA|Any CPU.ActiveCfg = Release|Any CPU
		{0D159929-5A8F-4E0C-84A6-3C7E9DE5F5AD}.QA|Any CPU.Build.0 = Release|Any CPU
		{0D159929-5A8F-4E0C-84A6-3C7E9DE5F5AD}.Release|Any CPU.ActiveCfg = Release|Any CPU
		{0D159929-5A8F-4E0C-84A6-3C7E9DE5F5AD}.Release|Any CPU.Build.0 = Release|Any CPU
		{0281A55F-D07A-4C58-B31C-5304D37B4110}.Debug|Any CPU.ActiveCfg = Debug|Any CPU
		{0281A55F-D07A-4C58-B31C-5304D37B4110}.Debug|Any CPU.Build.0 = Debug|Any CPU
		{0281A55F-D07A-4C58-B31C-5304D37B4110}.QA|Any CPU.ActiveCfg = Release|Any CPU
		{0281A55F-D07A-4C58-B31C-5304D37B4110}.QA|Any CPU.Build.0 = Release|Any CPU
		{0281A55F-D07A-4C58-B31C-5304D37B4110}.Release|Any CPU.ActiveCfg = Release|Any CPU
		{0281A55F-D07A-4C58-B31C-5304D37B4110}.Release|Any CPU.Build.0 = Release|Any CPU
		{1D34BAAD-7432-4D2B-9AF8-7E211EA44A94}.Debug|Any CPU.ActiveCfg = Debug|Any CPU
		{1D34BAAD-7432-4D2B-9AF8-7E211EA44A94}.Debug|Any CPU.Build.0 = Debug|Any CPU
		{1D34BAAD-7432-4D2B-9AF8-7E211EA44A94}.QA|Any CPU.ActiveCfg = Release|Any CPU
		{1D34BAAD-7432-4D2B-9AF8-7E211EA44A94}.QA|Any CPU.Build.0 = Release|Any CPU
		{1D34BAAD-7432-4D2B-9AF8-7E211EA44A94}.Release|Any CPU.ActiveCfg = Release|Any CPU
		{1D34BAAD-7432-4D2B-9AF8-7E211EA44A94}.Release|Any CPU.Build.0 = Release|Any CPU
		{EE0A9F51-0110-4D16-99B9-A96C6D19C95F}.Debug|Any CPU.ActiveCfg = Debug|Any CPU
		{EE0A9F51-0110-4D16-99B9-A96C6D19C95F}.Debug|Any CPU.Build.0 = Debug|Any CPU
		{EE0A9F51-0110-4D16-99B9-A96C6D19C95F}.QA|Any CPU.ActiveCfg = Release|Any CPU
		{EE0A9F51-0110-4D16-99B9-A96C6D19C95F}.QA|Any CPU.Build.0 = Release|Any CPU
		{EE0A9F51-0110-4D16-99B9-A96C6D19C95F}.Release|Any CPU.ActiveCfg = Release|Any CPU
		{EE0A9F51-0110-4D16-99B9-A96C6D19C95F}.Release|Any CPU.Build.0 = Release|Any CPU
		{DCC80DB8-069C-4B0B-A955-B8486D795F6D}.Debug|Any CPU.ActiveCfg = Debug|Any CPU
		{DCC80DB8-069C-4B0B-A955-B8486D795F6D}.Debug|Any CPU.Build.0 = Debug|Any CPU
		{DCC80DB8-069C-4B0B-A955-B8486D795F6D}.QA|Any CPU.ActiveCfg = Release|Any CPU
		{DCC80DB8-069C-4B0B-A955-B8486D795F6D}.QA|Any CPU.Build.0 = Release|Any CPU
		{DCC80DB8-069C-4B0B-A955-B8486D795F6D}.Release|Any CPU.ActiveCfg = Release|Any CPU
		{DCC80DB8-069C-4B0B-A955-B8486D795F6D}.Release|Any CPU.Build.0 = Release|Any CPU
		{B90FF7F0-D68B-47A3-90DA-EE6776210F3A}.Debug|Any CPU.ActiveCfg = Debug|Any CPU
		{B90FF7F0-D68B-47A3-90DA-EE6776210F3A}.Debug|Any CPU.Build.0 = Debug|Any CPU
		{B90FF7F0-D68B-47A3-90DA-EE6776210F3A}.QA|Any CPU.ActiveCfg = Release|Any CPU
		{B90FF7F0-D68B-47A3-90DA-EE6776210F3A}.QA|Any CPU.Build.0 = Release|Any CPU
		{B90FF7F0-D68B-47A3-90DA-EE6776210F3A}.Release|Any CPU.ActiveCfg = Release|Any CPU
		{B90FF7F0-D68B-47A3-90DA-EE6776210F3A}.Release|Any CPU.Build.0 = Release|Any CPU
		{5CECFBD1-8591-4D0A-9032-2DA879DBEA75}.Debug|Any CPU.ActiveCfg = Debug|Any CPU
		{5CECFBD1-8591-4D0A-9032-2DA879DBEA75}.Debug|Any CPU.Build.0 = Debug|Any CPU
		{5CECFBD1-8591-4D0A-9032-2DA879DBEA75}.QA|Any CPU.ActiveCfg = Release|Any CPU
		{5CECFBD1-8591-4D0A-9032-2DA879DBEA75}.QA|Any CPU.Build.0 = Release|Any CPU
		{5CECFBD1-8591-4D0A-9032-2DA879DBEA75}.Release|Any CPU.ActiveCfg = Release|Any CPU
		{5CECFBD1-8591-4D0A-9032-2DA879DBEA75}.Release|Any CPU.Build.0 = Release|Any CPU
		{6CA7AD73-2F14-427E-9A49-CECA89C9BB5F}.Debug|Any CPU.ActiveCfg = Debug|Any CPU
		{6CA7AD73-2F14-427E-9A49-CECA89C9BB5F}.Debug|Any CPU.Build.0 = Debug|Any CPU
		{6CA7AD73-2F14-427E-9A49-CECA89C9BB5F}.QA|Any CPU.ActiveCfg = Release|Any CPU
		{6CA7AD73-2F14-427E-9A49-CECA89C9BB5F}.QA|Any CPU.Build.0 = Release|Any CPU
		{6CA7AD73-2F14-427E-9A49-CECA89C9BB5F}.Release|Any CPU.ActiveCfg = Release|Any CPU
		{6CA7AD73-2F14-427E-9A49-CECA89C9BB5F}.Release|Any CPU.Build.0 = Release|Any CPU
	EndGlobalSection
	GlobalSection(SolutionProperties) = preSolution
		HideSolutionNode = FALSE
	EndGlobalSection
	GlobalSection(NestedProjects) = preSolution
		{2867E7DB-2EB7-402B-BE27-1FFD3298E4AA} = {61BD6155-3F8A-4194-B3D0-A8B420375301}
		{37C4DF1C-32F8-49BD-8DC7-0723D52779D1} = {61BD6155-3F8A-4194-B3D0-A8B420375301}
		{C1FE6952-7E6B-4ED0-8F25-C37D979ED1E6} = {61BD6155-3F8A-4194-B3D0-A8B420375301}
		{C5A06D3E-AF18-4928-A6D3-404B22AB0ACB} = {61BD6155-3F8A-4194-B3D0-A8B420375301}
	EndGlobalSection
	GlobalSection(ExtensibilityGlobals) = postSolution
		EnterpriseLibraryConfigurationToolBinariesPathV6 = packages\EnterpriseLibrary.TransientFaultHandling.6.0.1304.0\lib\portable-net45+win+wp8;packages\EnterpriseLibrary.TransientFaultHandling.Data.6.0.1304.1\lib\NET45
	EndGlobalSection
EndGlobal
